
Microsoft Visual Studio Solution File, Format Version 12.00
# Visual Studio Version 17
VisualStudioVersion = 17.0.31919.166
MinimumVisualStudioVersion = 10.0.40219.1
Project("{FAE04EC0-301F-11D3-BF4B-00C04F79EFBC}") = "GPIOWebAPI", "GPIOWebAPI.csproj", "{DED84475-BB33-48B5-8EB0-0900D1263156}"
EndProject
Global
	GlobalSection(SolutionConfigurationPlatforms) = preSolution
		Debug|Any CPU = Debug|Any CPU
		Release|Any CPU = Release|Any CPU
	EndGlobalSection
	GlobalSection(ProjectConfigurationPlatforms) = postSolution
		{DED84475-BB33-48B5-8EB0-0900D1263156}.Debug|Any CPU.ActiveCfg = Debug|Any CPU
		{DED84475-BB33-48B5-8EB0-0900D1263156}.Debug|Any CPU.Build.0 = Debug|Any CPU
		{DED84475-BB33-48B5-8EB0-0900D1263156}.Release|Any CPU.ActiveCfg = Release|Any CPU
		{DED84475-BB33-48B5-8EB0-0900D1263156}.Release|Any CPU.Build.0 = Release|Any CPU
	EndGlobalSection
	GlobalSection(SolutionProperties) = preSolution
		HideSolutionNode = FALSE
	EndGlobalSection
	GlobalSection(ExtensibilityGlobals) = postSolution
		SolutionGuid = {7D62D447-B62B-434B-BA23-BB1789D2A312}
	EndGlobalSection
EndGlobal
